
Microsoft Visual Studio Solution File, Format Version 12.00
# Visual Studio Version 16
VisualStudioVersion = 16.0.29001.49
MinimumVisualStudioVersion = 10.0.40219.1
Project("{FAE04EC0-301F-11D3-BF4B-00C04F79EFBC}") = "Volumes", "Volumes\Volumes.csproj", "{B4498A7C-8804-4B4B-AF45-B6183789E380}"
EndProject
Global
	GlobalSection(SolutionConfigurationPlatforms) = preSolution
		Debug|Any CPU = Debug|Any CPU
		Release|Any CPU = Release|Any CPU
	EndGlobalSection
	GlobalSection(ProjectConfigurationPlatforms) = postSolution
		{B4498A7C-8804-4B4B-AF45-B6183789E380}.Debug|Any CPU.ActiveCfg = Debug|Any CPU
		{B4498A7C-8804-4B4B-AF45-B6183789E380}.Debug|Any CPU.Build.0 = Debug|Any CPU
		{B4498A7C-8804-4B4B-AF45-B6183789E380}.Release|Any CPU.ActiveCfg = Release|Any CPU
		{B4498A7C-8804-4B4B-AF45-B6183789E380}.Release|Any CPU.Build.0 = Release|Any CPU
	EndGlobalSection
	GlobalSection(SolutionProperties) = preSolution
		HideSolutionNode = FALSE
	EndGlobalSection
	GlobalSection(ExtensibilityGlobals) = postSolution
		SolutionGuid = {37D44D01-25A1-4DF0-9C62-7F3EEF39F43B}
	EndGlobalSection
EndGlobal
